
Microsoft Visual Studio Solution File, Format Version 12.00
# Visual Studio Version 16
VisualStudioVersion = 16.0.29613.14
MinimumVisualStudioVersion = 10.0.40219.1
Project("{00D1A9C2-B5F0-4AF3-8072-F6C62B433612}") = "Database1", "Database1\Database1.sqlproj", "{91330978-3716-4EEA-81B4-74F14C59B587}"
EndProject
Global
	GlobalSection(SolutionConfigurationPlatforms) = preSolution
		Debug|Any CPU = Debug|Any CPU
		Release|Any CPU = Release|Any CPU
	EndGlobalSection
	GlobalSection(ProjectConfigurationPlatforms) = postSolution
		{91330978-3716-4EEA-81B4-74F14C59B587}.Debug|Any CPU.ActiveCfg = Debug|Any CPU
		{91330978-3716-4EEA-81B4-74F14C59B587}.Debug|Any CPU.Build.0 = Debug|Any CPU
		{91330978-3716-4EEA-81B4-74F14C59B587}.Debug|Any CPU.Deploy.0 = Debug|Any CPU
		{91330978-3716-4EEA-81B4-74F14C59B587}.Release|Any CPU.ActiveCfg = Release|Any CPU
		{91330978-3716-4EEA-81B4-74F14C59B587}.Release|Any CPU.Build.0 = Release|Any CPU
		{91330978-3716-4EEA-81B4-74F14C59B587}.Release|Any CPU.Deploy.0 = Release|Any CPU
	EndGlobalSection
	GlobalSection(SolutionProperties) = preSolution
		HideSolutionNode = FALSE
	EndGlobalSection
	GlobalSection(ExtensibilityGlobals) = postSolution
		SolutionGuid = {4FA97ECE-B967-4505-9DE5-06F253E8904A}
	EndGlobalSection
EndGlobal
